
Microsoft Visual Studio Solution File, Format Version 12.00
# Visual Studio Version 17
VisualStudioVersion = 17.7.34024.191
MinimumVisualStudioVersion = 10.0.40219.1
Project("{FAE04EC0-301F-11D3-BF4B-00C04F79EFBC}") = "dotnet-hangfire-example", "dotnet-hangfire-example.csproj", "{11E3AAA7-0DBA-4562-BC00-222ACFB11AAB}"
EndProject
Global
	GlobalSection(SolutionConfigurationPlatforms) = preSolution
		Debug|Any CPU = Debug|Any CPU
		Release|Any CPU = Release|Any CPU
	EndGlobalSection
	GlobalSection(ProjectConfigurationPlatforms) = postSolution
		{11E3AAA7-0DBA-4562-BC00-222ACFB11AAB}.Debug|Any CPU.ActiveCfg = Debug|Any CPU
		{11E3AAA7-0DBA-4562-BC00-222ACFB11AAB}.Debug|Any CPU.Build.0 = Debug|Any CPU
		{11E3AAA7-0DBA-4562-BC00-222ACFB11AAB}.Release|Any CPU.ActiveCfg = Release|Any CPU
		{11E3AAA7-0DBA-4562-BC00-222ACFB11AAB}.Release|Any CPU.Build.0 = Release|Any CPU
	EndGlobalSection
	GlobalSection(SolutionProperties) = preSolution
		HideSolutionNode = FALSE
	EndGlobalSection
	GlobalSection(ExtensibilityGlobals) = postSolution
		SolutionGuid = {3E02BC6B-40F5-4EB0-BA31-AA3BB896F0EE}
	EndGlobalSection
EndGlobal
